
Microsoft Visual Studio Solution File, Format Version 12.00
# Visual Studio Version 16
VisualStudioVersion = 16.0.31129.286
MinimumVisualStudioVersion = 10.0.40219.1
Project("{9A19103F-16F7-4668-BE54-9A1E7A4F7556}") = "Geometry", "Geometry.csproj", "{E5131FED-E941-434C-8361-9EA97009032E}"
EndProject
Project("{9A19103F-16F7-4668-BE54-9A1E7A4F7556}") = "FiguresLibrary", "..\FiguresLibrary\FiguresLibrary.csproj", "{EDBB292C-67E3-4752-BA4C-49D4FFB68E01}"
EndProject
Project("{9A19103F-16F7-4668-BE54-9A1E7A4F7556}") = "GeometryTests", "..\GeometryTests\GeometryTests.csproj", "{5BB53548-C031-4012-A84F-3F436F7CC71B}"
EndProject
Global
	GlobalSection(SolutionConfigurationPlatforms) = preSolution
		Debug|Any CPU = Debug|Any CPU
		Release|Any CPU = Release|Any CPU
	EndGlobalSection
	GlobalSection(ProjectConfigurationPlatforms) = postSolution
		{E5131FED-E941-434C-8361-9EA97009032E}.Debug|Any CPU.ActiveCfg = Debug|Any CPU
		{E5131FED-E941-434C-8361-9EA97009032E}.Debug|Any CPU.Build.0 = Debug|Any CPU
		{E5131FED-E941-434C-8361-9EA97009032E}.Release|Any CPU.ActiveCfg = Release|Any CPU
		{E5131FED-E941-434C-8361-9EA97009032E}.Release|Any CPU.Build.0 = Release|Any CPU
		{EDBB292C-67E3-4752-BA4C-49D4FFB68E01}.Debug|Any CPU.ActiveCfg = Debug|Any CPU
		{EDBB292C-67E3-4752-BA4C-49D4FFB68E01}.Debug|Any CPU.Build.0 = Debug|Any CPU
		{EDBB292C-67E3-4752-BA4C-49D4FFB68E01}.Release|Any CPU.ActiveCfg = Release|Any CPU
		{EDBB292C-67E3-4752-BA4C-49D4FFB68E01}.Release|Any CPU.Build.0 = Release|Any CPU
		{5BB53548-C031-4012-A84F-3F436F7CC71B}.Debug|Any CPU.ActiveCfg = Debug|Any CPU
		{5BB53548-C031-4012-A84F-3F436F7CC71B}.Debug|Any CPU.Build.0 = Debug|Any CPU
		{5BB53548-C031-4012-A84F-3F436F7CC71B}.Release|Any CPU.ActiveCfg = Release|Any CPU
		{5BB53548-C031-4012-A84F-3F436F7CC71B}.Release|Any CPU.Build.0 = Release|Any CPU
	EndGlobalSection
	GlobalSection(SolutionProperties) = preSolution
		HideSolutionNode = FALSE
	EndGlobalSection
	GlobalSection(ExtensibilityGlobals) = postSolution
		SolutionGuid = {34B128A6-035D-485F-B713-F1D393B5B4CB}
	EndGlobalSection
EndGlobal
